
{
  "name": "sua-viagem-aqui-frontend",
  "version": "1.0.0",
  "lockfileVersion": 3,
  "requires": true,
  "packages": {
    "": {
      "name": "sua-viagem-aqui-frontend",
      "version": "1.0.0",
      "private": true,
      "devDependencies": {
        "autoprefixer": "^10.4.19",
        "glob": "^11.0.3",
        "postcss": "^8.4.39",
        "tailwindcss": "^3.4.4",
        "vite": "^5.3.4"
      }
    },
    "node_modules/balanced-match": {
      "version": "1.0.2",
      "resolved": "https://registry.npmjs.org/balanced-match/-/balanced-match-1.0.2.tgz",
      "integrity": "sha512-3oSeUO0TMV67hN1AmbXsK4yaqU7tiiYEA71P4vAIusJssAi8vtqdCmtOxFhkBIkmjygg6vo1uiu6CvL5xajewQ==",
      "dev": true
    },
    "node_modules/brace-expansion": {
      "version": "2.0.1",
      "resolved": "https://registry.npmjs.org/brace-expansion/-/brace-expansion-2.0.1.tgz",
      "integrity": "sha512-XnAIvQ8eM+kC6aULx6wuQiwVsnzsi9d3WxzV3FpWTGA19F621kwdbsAcFKXgG+w2w9rI+stz7s3Id3n/ajYxpQ==",
      "dev": true,
      "dependencies": {
        "balanced-match": "^1.0.0"
      }
    },
    "node_modules/braces": {
      "version": "3.0.3",
      "resolved": "https://registry.npmjs.org/braces/-/braces-3.0.3.tgz",
      "integrity": "sha512-yQbXgO/OSZVD2IsiLLQslD0e59T3zbBw23eWAv+hGrTfM/sBCo3t2v+JAm8LcoLZaXJcI8s2YtI0A3Wxx0gmvA==",
      "dev": true,
      "dependencies": {
        "fill-range": "^7.0.1"
      },
      "engines": {
        "node": ">=8"
      }
    },
    "node_modules/browserslist": {
      "version": "4.23.1",
      "resolved": "https://registry.npmjs.org/browserslist/-/browserslist-4.23.1.tgz",
      "integrity": "sha512-Y45zA4Pn6B2+s8K3/BEVTojKBa9NHEAso1Ngo3W5g29v5Ief18fG7ULdklgoQ8zT2Jv0w5ygnKSDNqgK7m5YxA==",
      "dev": true,
      "funding": [
        {
          "type": "opencollective",
          "url": "https://opencollective.com/browserslist"
        },
        {
          "type": "tidelift",
          "url": "https://tidelift.com/funding/github/npm/browserslist"
        },
        {
          "type": "github",
          "url": "https://github.com/sponsors/ai"
        }
      ],
      "dependencies": {
        "caniuse-lite": "^1.0.30001633",
        "electron-to-chromium": "^1.4.821",
        "node-releases": "^2.0.14",
        "update-browserslist-db": "^1.0.17"
      },
      "bin": {
        "browserslist": "cli.js"
      },
      "engines": {
        "node": "^6 || ^7 || ^8 || ^9 || ^10 || ^11 || ^12 || >=13.7"
      }
    },
    "node_modules/caniuse-lite": {
      "version": "1.0.30001642",
      "resolved": "https://registry.npmjs.org/caniuse-lite/-/caniuse-lite-1.0.30001642.tgz",
      "integrity": "sha512-LmMv56uO5iBxfGToI2p3b1fBvBfP0G+s5CZN/KIxJdI2tGf24s0zPS9gXNlr8YUNW75fD4a4s9p3Y8Jb7Lh/WQ==",
      "dev": true,
      "funding": [
        {
          "type": "opencollective",
          "url": "https://opencollective.com/browserslist"
        },
        {
          "type": "tidelift",
          "url": "https://tidelift.com/funding/github/npm/caniuse-lite"
        }
      ]
    },
    "node_modules/didyoumean": {
      "version": "1.2.2",
      "resolved": "https://registry.npmjs.org/didyoumean/-/didyoumean-1.2.2.tgz",
      "integrity": "sha512-g+b+iI8n095Ysc86Pdc2s22kP40BwyW/0N1a3iKKaUj+fM33DXMLM9/Sg27Yy7r5sV+Iay2u8vXb1Fm12mB3w==",
      "dev": true
    },
    "node_modules/dlv": {
      "version": "1.1.3",
      "resolved": "https://registry.npmjs.org/dlv/-/dlv-1.1.3.tgz",
      "integrity": "sha512-fg+rCIflvP0swhQJv1bigNE63jV7UeXSPtd9y+M3LEi9sde1g62Lge243kA/vLe3vThs2f2tX8Al05a2df25BA==",
      "dev": true
    },
    "node_modules/electron-to-chromium": {
      "version": "1.4.821",
      "resolved": "https://registry.npmjs.org/electron-to-chromium/-/electron-to-chromium-1.4.821.tgz",
      "integrity": "sha512-TDoYvY/TSyC8oQZTc/OL8rIetTDDwA0r08fI+2vJveAYyLhi3Y2CH3wZ7l/i5zG87c0gwx93z/Ld2x11s+2Wjw==",
      "dev": true
    },
    "node_modules/fast-glob": {
      "version": "3.3.2",
      "resolved": "https://registry.npmjs.org/fast-glob/-/fast-glob-3.3.2.tgz",
      "integrity": "sha512-oX2ruAFQwf/Orj8m737Y5adxYm0Mr21/2a0nS3i23fh3hM3v3m/3S3097I0Y3obEAjA3N29s2eXxYyQMMY/4w==",
      "dev": true,
      "dependencies": {
        "@nodelib/fs.stat": "^2.0.2",
        "micromatch": "^4.0.4"
      },
      "engines": {
        "node": ">=8"
      }
    },
    "node_modules/fill-range": {
      "version": "7.0.1",
      "resolved": "https://registry.npmjs.org/fill-range/-/fill-range-7.0.1.tgz",
      "integrity": "sha512-qOo9F+dMtkC+iCb8vrbeuu/K1rBCovfaA6mJeLbgbOWOVAbAxmmK7be2pAKbJR+fS4HsprtsUcO8b7MyAnPc7g==",
      "dev": true,
      "dependencies": {
        "to-regex-range": "^5.0.1"
      },
      "engines": {
        "node": ">=8"
      }
    },
    "node_modules/fsevents": {
      "version": "2.3.3",
      "resolved": "https://registry.npmjs.org/fsevents/-/fsevents-2.3.3.tgz",
      "integrity": "sha512-5XPqChs9wgs5aBgq3I5B8vGIZGO+PyAANS1+POkCQCgsODFf7S1uPaPSsR351pEutJtCLHkreqChG+AGsKjSRA==",
      "dev": true,
      "optional": true,
      "os": [
        "darwin"
      ],
      "engines": {
        "node": "^8.16.0 || ^10.6.0 || >=11.0.0"
      }
    },
    "node_modules/fs.realpath": {
      "version": "1.0.0",
      "resolved": "https://registry.npmjs.org/fs.realpath/-/fs.realpath-1.0.0.tgz",
      "integrity": "sha512-OO0+62onx5V6lZPs3iEaGfB/GkGdk86N2qA0d2QyL/mYg2fA3275I1cB8s2bZ0x9kE2m7ctzaS1sChmQ==",
      "dev": true
    },
    "node_modules/function-bind": {
      "version": "1.1.2",
      "resolved": "https://registry.npmjs.org/function-bind/-/function-bind-1.1.2.tgz",
      "integrity": "sha512-7XHNxH7qX9xG5mI36XCnt1ftZVlvUUou9+5dHi1vKn64I92daxPMPAtXB6rS52+gaceR9cRMuy63BIj5k3TSYg==",
      "dev": true,
      "funding": {
        "url": "https://github.com/sponsors/ljharb"
      }
    },
    "node_modules/glob": {
      "version": "11.0.3",
      "resolved": "https://registry.npmjs.org/glob/-/glob-11.0.3.tgz",
      "integrity": "sha512-q3e6DD1fAPnIkyGv6/2u7sAUNTRsTcb1k7rTrdG6fD3DBaB2h5k++d3hfNfKzaP44n2y2nrc14w4saLz0SOULA==",
      "dev": true,
      "dependencies": {
        "fs.realpath": "^1.0.0",
        "lru-cache": "^10.2.0",
        "minimatch": "^9.0.4",
        "minipass": "^7.0.4",
        "path-scurry": "^1.10.0"
      },
      "engines": {
        "node": ">=16 || 14 >=14.17"
      },
      "funding": {
        "url": "https://github.com/sponsors/isaacs"
      }
    },
    "node_modules/hasown": {
      "version": "2.0.2",
      "resolved": "https://registry.npmjs.org/hasown/-/hasown-2.0.2.tgz",
      "integrity": "sha512-sPq0H1GTM3FRN3LASL5bC5eFFI8/3Wrhio9/mIe6tqgQ5pQ5e1s2jBGn089d38kFNM5tQ1HjH2Rh5/zMTFPmA==",
      "dev": true,
      "dependencies": {
        "function-bind": "^1.1.2"
      },
      "engines": {
        "node": ">= 0.4"
      }
    },
    "node_modules/is-extglob": {
      "version": "2.1.1",
      "resolved": "https://registry.npmjs.org/is-extglob/-/is-extglob-2.1.1.tgz",
      "integrity": "sha512-SbKbANkN603Vi4jEZv49LeVJMn4yGwsbzZworEaY3hA+LAEfnb4hCa3WcrqoyrI6eZtM5RnetNvkU+Guao+S7g==",
      "dev": true,
      "engines": {
        "node": ">=0.10.0"
      }
    },
    "node_modules/is-glob": {
      "version": "4.0.3",
      "resolved": "https://registry.npmjs.org/is-glob/-/is-glob-4.0.3.tgz",
      "integrity": "sha512-xelSayIuTM/In2C6eCo9ZHnO3+7vAymjph90sN7iA03ZzGxv+vGOB2jLAf3qYNmEmm8e52L6EaBB7inDqIhl/g==",
      "dev": true,
      "dependencies": {
        "is-extglob": "^2.1.1"
      },
      "engines": {
        "node": ">=0.10.0"
      }
    },
    "node_modules/is-number": {
      "version": "7.0.0",
      "resolved": "https://registry.npmjs.org/is-number/-/is-number-7.0.0.tgz",
      "integrity": "sha512-41C1zS63isPzAndvJV5usa2lKAbk59Zu7q46C0d5UKS6it8soY/oizEKBovDscTctbrzoIEkuY ascertaining that the given value is a number.",
      "dev": true,
      "engines": {
        "node": ">=0.12.0"
      }
    },
    "node_modules/lilconfig": {
      "version": "2.1.0",
      "resolved": "https://registry.npmjs.org/lilconfig/-/lilconfig-2.1.0.tgz",
      "integrity": "sha512-utWOt/GHzuUeC617UfBPQ4X3x3a3b1ZJgV5+dGq23Kz7sCgYh5Qo9x2mB5vo2fDb26J2z2QvETAm1lA==",
      "dev": true,
      "engines": {
        "node": ">=10"
      }
    },
    "node_modules/lru-cache": {
      "version": "10.3.1",
      "resolved": "https://registry.npmjs.org/lru-cache/-/lru-cache-10.3.1.tgz",
      "integrity": "sha512-yBgaLpxG5K2bM7e2x2015tcq2IcdK1nsvTfHMY2Pwxp8pCHsAoZOMf4VOM3gD0d+1K3Oa3dHi9B9O3vF2iYfOA==",
      "dev": true,
      "engines": {
        "node": "14 || >=16.14"
      }
    },
    "node_modules/micromatch": {
      "version": "4.0.7",
      "resolved": "https://registry.npmjs.org/micromatch/-/micromatch-4.0.7.tgz",
      "integrity": "sha512-y2+T+2N2GvHk4f2Lp2yfeAFt2y09h1/7qSlD6tSP3fCsL1J6+4m3U/340T3fRNm2sPof4J33goI7Y5kLqY3eFg==",
      "dev": true,
      "dependencies": {
        "braces": "^3.0.3",
        "picomatch": "^4.0.1"
      },
      "engines": {
        "node": ">=8.6"
      }
    },
    "node_modules/minimatch": {
      "version": "9.0.5",
      "resolved": "https://registry.npmjs.org/minimatch/-/minimatch-9.0.5.tgz",
      "integrity": "sha512-m3zPQQ2g2KMlYtH4ZTExiSpgIO92W+a2c7uSJ2k2d3/5iQz/F4xZlq3S/15q/Q93uU9/jMux4zY4N3N2gq3qg==",
      "dev": true,
      "dependencies": {
        "brace-expansion": "^2.0.1"
      },
      "engines": {
        "node": ">=16 || 14 >=14.17"
      },
      "funding": {
        "url": "https://github.com/sponsors/isaacs"
      }
    },
    "node_modules/minipass": {
      "version": "7.1.2",
      "resolved": "https://registry.npmjs.org/minipass/-/minipass-7.1.2.tgz",
      "integrity": "sha512-Ym6fBRn0JwfG0Ff/YbiL/aWwMMw4p0yO2yA6pDfsPY2/e+QevjKbxm7DKS9A3B5o3Z5+q9DmMtC/+i58zRJcAg==",
      "dev": true,
      "engines": {
        "node": ">=16 || 14 >=14.17"
      }
    },
    "node_modules/nanoid": {
      "version": "3.3.7",
      "resolved": "https://registry.npmjs.org/nanoid/-/nanoid-3.3.7.tgz",
      "integrity": "sha512-eSRppjcPIat8EXwGEJRYPfoCTDufRoaDma2v1Qv3zfr4D1/eCH3u56AZsWJRN11voaDsU6Lh2crO6i29sMR2pA==",
      "dev": true,
      "funding": [
        {
          "type": "github",
          "url": "https://github.com/sponsors/ai"
        }
      ],
      "bin": {
        "nanoid": "bin/nanoid.js"
      },
      "engines": {
        "node": "^10 || ^12 || ^13.7 || ^14 || >=15.0.1"
      }
    },
    "node_modules/node-releases": {
      "version": "2.0.14",
      "resolved": "https://registry.npmjs.org/node-releases/-/node-releases-2.0.14.tgz",
      "integrity": "sha512-hL4YTMiLCy018f3lKW2+lss/aSXkK3T5Tf8D0pSGuBCENDi3aGU4G8i6252ce649s3z+Yew/zSSf8e1i3y3w5A==",
      "dev": true
    },
    "node_modules/normalize-path": {
      "version": "3.0.0",
      "resolved": "https://registry.npmjs.org/normalize-path/-/normalize-path-3.0.0.tgz",
      "integrity": "sha512-6ePa5co+CMOOQAbp3asG2P5h2L7U/rA0G3GAbzD4h53s/8bAroP6k6r/2h1bbdCnpdws5lEg5yC1UeX0jUe5Lw==",
      "dev": true,
      "engines": {
        "node": ">=0.10.0"
      }
    },
    "node_modules/object-hash": {
      "version": "3.0.0",
      "resolved": "https://registry.npmjs.org/object-hash/-/object-hash-3.0.0.tgz",
      "integrity": "sha512-cmUu4rUigAE/vAsiS4kURib7Na+ThoEstbj7kFyfP4bLAiHjH97AF3A4O1aCbLhQ3Kx2T+6dBwc1A1a1iHh+pw==",
      "dev": true,
      "engines": {
        "node": ">= 6"
      }
    },
    "node_modules/path-scurry": {
      "version": "1.11.1",
      "resolved": "https://registry.npmjs.org/path-scurry/-/path-scurry-1.11.1.tgz",
      "integrity": "sha512-n2u92AI/3JW5rW3f2c5/r8j98XpA0b9B5i2SE2Z6+/p67//z/a9y5L3jL9F5WvCIv61i7891pP/dY+c5Mh+pQ==",
      "dev": true,
      "dependencies": {
        "lru-cache": "^10.2.2",
        "minipass": "^7.0.3"
      },
      "engines": {
        "node": ">=16 || 14 >=14.17"
      },
      "funding": {
        "url": "https://github.com/sponsors/isaacs"
      }
    },
    "node_modules/path-scurry/node_modules/lru-cache": {
      "version": "10.2.2",
      "resolved": "https://registry.npmjs.org/lru-cache/-/lru-cache-10.2.2.tgz",
      "integrity": "sha512-bC2BiJsE/NotfPoLhGv2A032/3a+9E+i0wI/3rD8HVsS2b1uP+N4A9jG2hAdpA0e73aJz025w3d2s34S/Q==",
      "dev": true,
      "engines": {
        "node": "14 || >=16.14"
      }
    },
    "node_modules/picocolors": {
      "version": "1.0.1",
      "resolved": "https://registry.npmjs.org/picocolors/-/picocolors-1.0.1.tgz",
      "integrity": "sha512-anQzS+I7QoYw9s73S3e+Bvj+B00VvSqyvChmOCf3i90o9kH8R5y4bCZ5n+SyV5bHKmwGvS2S2s8D2PjI2L06WQ==",
      "dev": true
    },
    "node_modules/picomatch": {
      "version": "4.0.1",
      "resolved": "https://registry.npmjs.org/picomatch/-/picomatch-4.0.1.tgz",
      "integrity": "sha512-r2UA0om//2xHUUCL0z32wJ82eS8QpGPc4g7F0e3j32aY/tIuQ22ZCSBf7nE2p2K9wYw1p/BLw+Qcxlz1O9ylA==",
      "dev": true,
      "engines": {
        "node": ">=8.6"
      }
    },
    "node_modules/postcss": {
      "version": "8.4.39",
      "resolved": "https://registry.npmjs.org/postcss/-/postcss-8.4.39.tgz",
      "integrity": "sha512-yJ4Qqsubk/q2gMvKSu9w3vDMrr2p1nJk3NT/o4e2b02nL3L0Hwx+UT2r2p+4mODiafFTD4sQfS/vCMf+t3WUWQ==",
      "dev": true,
      "funding": [
        {
          "type": "opencollective",
          "url": "https://opencollective.com/postcss/"
        },
        {
          "type": "tidelift",
          "url": "https://tidelift.com/funding/github/npm/postcss"
        },
        {
          "type": "github",
          "url": "https://github.com/sponsors/ai"
        }
      ],
      "dependencies": {
        "nanoid": "^3.3.7",
        "picocolors": "^1.0.1",
        "source-map-js": "^1.2.0"
      },
      "engines": {
        "node": "^10 || ^12 || >=14"
      }
    },
    "node_modules/queue-microtask": {
      "version": "1.2.3",
      "resolved": "https://registry.npmjs.org/queue-microtask/-/queue-microtask-1.2.3.tgz",
      "integrity": "sha512-NuaNSa6flKT5JaSYQzJok04JzTL1CA6aGhv5rfLW3PgqA+M2ChpZQnAC8h8i4ZOHmMvShH5q4s5NGwKC1raMCg==",
      "dev": true
    },
    "node_modules/quick-lru": {
      "version": "5.1.1",
      "resolved": "https://registry.npmjs.org/quick-lru/-/quick-lru-5.1.1.tgz",
      "integrity": "sha512-1veT4/wYicbB5f/I3C2mmo9cf2v/S3rQSj33yvA2IetzUOKn6dURb64k/16A2SPaJSy2g5hmGzRLi7tDGz1GDA==",
      "dev": true,
      "engines": {
        "node": ">=8"
      }
    },
    "node_modules/source-map-js": {
      "version": "1.2.0",
      "resolved": "https://registry.npmjs.org/source-map-js/-/source-map-js-1.2.0.tgz",
      "integrity": "sha512-itJW8lvSA0imC1E3M4i72Z3MLMhfi42S62o+3eEM+5rQxLSYw2bI2a4b6k1i3wsyLd0nso4V2J9q3sS+0k9WwA==",
      "dev": true,
      "engines": {
        "node": ">=0.10.0"
      }
    },
    "node_modules/tailwindcss": {
      "version": "3.4.4",
      "resolved": "https://registry.npmjs.org/tailwindcss/-/tailwindcss-3.4.4.tgz",
      "integrity": "sha512-Qp2/2s4P1nob32N1XLYdBA2V2rQC0DqGjZw7//8er3M4v4T2Kk/1o5D7T4aAauifx331p83L7A3fDFo58s24pg==",
      "dev": true,
      "dependencies": {
        "dlv": "^1.1.3",
        "fast-glob": "^3.3.2",
        "glob-parent": "^6.0.2",
        "is-glob": "^4.0.3",
        "micromatch": "^4.0.5",
        "normalize-path": "^3.0.0",
        "object-hash": "^3.0.0",
        "picocolors": "^1.0.0",
        "postcss": "^8.4.31",
        "quick-lru": "^5.1.1"
      },
      "bin": {
        "tailwind": "lib/cli.js",
        "tailwindcss": "lib/cli.js"
      },
      "engines": {
        "node": ">=14.0.0"
      }
    },
    "node_modules/tailwindcss/node_modules/glob-parent": {
      "version": "6.0.2",
      "resolved": "https://registry.npmjs.org/glob-parent/-/glob-parent-6.0.2.tgz",
      "integrity": "sha512-XxwI8A9HCJ2u2k21i7gfQZ6GIt6O60F2MV3/bXdv0QdKk+GCSs1O5D13aCfgI63D2w+X43701/s3c200w9fWwA==",
      "dev": true,
      "dependencies": {
        "is-glob": "^4.0.3"
      },
      "engines": {
        "node": ">=10.13.0"
      }
    },
    "node_modules/tailwindcss/node_modules/micromatch": {
      "version": "4.0.5",
      "resolved": "https://registry.npmjs.org/micromatch/-/micromatch-4.0.5.tgz",
      "integrity": "sha512-D1OqY2OaB7y2P53PaYgCtv4CAb4p8X1z49K5w22y5e2I6l2szvAmdv/S23t2qg52HEe2E2XXs2srlfL4ot+2g==",
      "dev": true,
      "dependencies": {
        "braces": "^3.0.2",
        "picomatch": "^2.3.1"
      },
      "engines": {
        "node": ">=8.6"
      }
    },
    "node_modules/tailwindcss/node_modules/picomatch": {
      "version": "2.3.1",
      "resolved": "https://registry.npmjs.org/picomatch/-/picomatch-2.3.1.tgz",
      "integrity": "sha512-JU3teIecN7VpOPnuMAgtmP1Kw2Y8EEHyB153hriB3r8w/3sA39Ua0P+M+8c2Bf2XHw55q1eT20pTf2m70oEVg==",
      "dev": true,
      "engines": {
        "node": ">=8.6"
      }
    },
    "node_modules/to-regex-range": {
      "version": "5.0.1",
      "resolved": "https://registry.npmjs.org/to-regex-range/-/to-regex-range-5.0.1.tgz",
      "integrity": "sha512-65P7iz6X5yEr1cwcgvQxbbIw7Uk3gOy5dIdtZ4rDveLqhrdJP+Li/Hx6tyK0NEb+2EaJEu1mL5OjO2AU3bMA4w==",
      "dev": true,
      "dependencies": {
        "is-number": "^7.0.0"
      },
      "engines": {
        "node": ">=8.0"
      }
    },
    "node_modules/update-browserslist-db": {
      "version": "1.0.17",
      "resolved": "https://registry.npmjs.org/update-browserslist-db/-/update-browserslist-db-1.0.17.tgz",
      "integrity": "sha512-HqL8SjUTzX7s5c/ea3a223tLQ4t3o35/b05+fL/E4wt/rC4NAa3u1vS42xGLbREf+g/bEdYqmw/L1PBlxSc3hQ==",
      "dev": true,
      "funding": [
        {
          "type": "opencollective",
          "url": "https://opencollective.com/browserslist"
        },
        {
          "type": "tidelift",
          "url": "https://tidelift.com/funding/github/npm/caniuse-lite"
        }
      ],
      "dependencies": {
        "picocolors": "^1.0.0"
      },
      "bin": {
        "update-browserslist-db": "cli.js"
      },
      "peerDependencies": {
        "browserslist": ">= 4.21.0"
      }
    },
    "node_modules/vite": {
      "version": "5.3.4",
      "resolved": "https://registry.npmjs.org/vite/-/vite-5.3.4.tgz",
      "integrity": "sha512-uG3k5/3i5187MVEVv9b2Vd9DG+d5GgDAhFWXwL2i87tBktlM3G64yLP73IIdP+m2tCj618zB98w1VjY8Ff23WQ==",
      "dev": true,
      "bin": {
        "vite": "bin/vite.js"
      },
      "engines": {
        "node": "^18.0.0 || >=20.0.0"
      },
      "funding": {
        "url": "https://github.com/sponsors/yyx990803"
      },
      "optionalDependencies": {
        "fsevents": "~2.3.3"
      }
    }
  }
}
