{
    "name": "functions",
    "lockfileVersion": 3,
    "requires": true,
    "packages": {
        "": {
            "name": "functions",
            "private": true,
            "dependencies": {
                "@google/genai": "^0.14.0",
                "@sentry/node": "^10.22.0",
                "@sentry/profiling-node": "^10.22.0",
                "axios": "^1.7.2",
                "dompurify": "^3.1.5",
                "firebase-admin": "^13.5.0",
                "firebase-functions": "^6.6.0",
                "jsdom": "^24.1.0",
                "mercadopago": "^2.0.11",
                "nodemailer": "^6.9.14"
            },
            "devDependencies": {
                "chai": "^4.3.7",
                "firebase-functions-test": "^3.1.0",
                "mocha": "^10.2.0",
                "proxyquire": "^2.1.3",
                "sinon": "^15.0.1"
            }
        },
        "node_modules/@google/genai": {
            "version": "0.14.0",
            "resolved": "https://registry.npmjs.org/@google/genai/-/genai-0.14.0.tgz",
            "integrity": "sha512-w1E5gWPNhSaff1rZ2LI7g3xqk8AUW36i2q7XpjsjV2CIJq2FSpLUSp3t8bC16a7+kTVu2XK/jS9tHcz2c6c0bQ==",
            "engines": {
                "node": ">=18.0.0"
            }
        },
        "node_modules/@sentry/core": {
            "version": "10.22.0",
            "resolved": "https://registry.npmjs.org/@sentry/core/-/core-10.22.0.tgz",
            "integrity": "sha512-Y2v4yS9F5Ea82TjAbtdt6L08L2KxO4p1v5a2YlBRsP7+k+S5qwyvJ3o03S6H5r6Bf0A3qgT40fU61W868Q==",
            "dependencies": {
                "@sentry/utils": "10.22.0"
            },
            "engines": {
                "node": ">=14.18"
            }
        },
        "node_modules/@sentry/node": {
            "version": "10.22.0",
            "resolved": "https://registry.npmjs.org/@sentry/node/-/node-10.22.0.tgz",
            "integrity": "sha512-B67v024Ea4p36C/U/sR32R1jCjW+jK/k4fANp19Vv2lX3cO1fF1lJ6T9Z3qH8q/W9Z+Y3o8X4Z4pQ==",
            "dependencies": {
                "@sentry/core": "10.22.0",
                "@sentry/utils": "10.22.0"
            },
            "engines": {
                "node": ">=14.18"
            }
        },
        "node_modules/@sentry/profiling-node": {
            "version": "10.22.0",
            "resolved": "https://registry.npmjs.org/@sentry/profiling-node/-/profiling-node-10.22.0.tgz",
            "integrity": "sha512-S+m3J5Kz1o+90tTtb+p1sB6gI5z2Ff7LqUq+UZeFwxN2kUf/f2nSoD+BvO6k5/uJ7T2P2q+S2tYg4Q==",
            "hasInstallScript": true,
            "dependencies": {
                "@sentry/utils": "10.22.0"
            },
            "engines": {
                "node": ">=14.18"
            },
            "optionalDependencies": {
                "nan": "^2.20.0"
            }
        },
        "node_modules/@sentry/utils": {
            "version": "10.22.0",
            "resolved": "https://registry.npmjs.org/@sentry/utils/-/utils-10.22.0.tgz",
            "integrity": "sha512-yNqWb/p9xcC/pB94sL3Y001y1q7zI0L1S1rse3uWxz0k0KRNlqfgo604I5D6Y4oB44bQ/pQ/3y8I5wW7KQ==",
            "engines": {
                "node": ">=14.18"
            }
        },
        "node_modules/@types/node": {
            "version": "20.14.10",
            "resolved": "https://registry.npmjs.org/@types/node/-/node-20.14.10.tgz",
            "integrity": "sha512-MdiXf+nDuMvY0gL6wDEnC2U4s5hT4A0Hk+9weJUDjdlN1x0A3k9ROevM1p5hH+QLJ5kh4O9ZtN2e3s3+13p2w==",
            "dev": true,
            "dependencies": {
                "undici-types": "~5.26.4"
            }
        },
        "node_modules/abab": {
            "version": "2.0.6",
            "resolved": "https://registry.npmjs.org/abab/-/abab-2.0.6.tgz",
            "integrity": "sha512-j2fKGrEnp9bNvBI97T1xhbC9hY2yN/S2g43R3bQ3fPkrS4g5tQ2aHLU5yRwM/8GPQtmE8s6D5e2Rd7tCWxM4g==",
            "engines": {
                "node": ">=6"
            }
        },
        "node_modules/acorn": {
            "version": "8.12.1",
            "resolved": "https://registry.npmjs.org/acorn/-/acorn-8.12.1.tgz",
            "integrity": "sha512-e/f6O9bQ3i2yK9dC/Lrt82x2IuF/i1X128p78W6+o03/h7p7n9g6eEuH5b3d7r6N0uW2i+iIe+w/qA==",
            "bin": {
                "acorn": "bin/acorn"
            },
            "engines": {
                "node": ">=0.4.0"
            }
        },
        "node_modules/acorn-globals": {
            "version": "7.0.0",
            "resolved": "https://registry.npmjs.org/acorn-globals/-/acorn-globals-7.0.0.tgz",
            "integrity": "sha512-zQlnt2bl8qCRcJSB9GIUTiLwf8IxjY8Xk8QA3b2e5bFcV2W+Ie1p3c4JgsySukq2SJHx3M2+sO4Lp00i4E5G6Q==",
            "dependencies": {
                "acorn": "^8.8.1",
                "acorn-walk": "^8.2.0"
            }
        },
        "node_modules/acorn-walk": {
            "version": "8.3.2",
            "resolved": "https://registry.npmjs.org/acorn-walk/-/acorn-walk-8.3.2.tgz",
            "integrity": "sha512-83rQf2c+I2h9NnEN2Q2/Qcvykt/3v3aAMn/s6h5L8fGj23Xl/A4A5gEaV9u/Y1CjY8P+i134hG7yqjQ==",
            "dependencies": {
                "acorn": "^8.8.1"
            },
            "engines": {
                "node": ">=0.4.0"
            }
        },
        "node_modules/agent-base": {
            "version": "7.1.1",
            "resolved": "https://registry.npmjs.org/agent-base/-/agent-base-7.1.1.tgz",
            "integrity": "sha512-oVr22tnz2cX3Tz2tGTy22w3spow7pOFo2b5/8lJSs4J4d5G5oR5f5nRhFw6cCE4GypI8P2h4q2b92sHl9tOaaA==",
            "dependencies": {
                "debug": "4"
            },
            "engines": {
                "node": ">= 14"
            }
        },
        "node_modules/assertion-error": {
            "version": "1.1.0",
            "resolved": "https://registry.npmjs.org/assertion-error/-/assertion-error-1.1.0.tgz",
            "integrity": "sha512-jgHlG7V70cB7iGqGnbpuOhOAEb9xP7jSuaRdd/XcudouHY4msbmgcpmuf63fvJHGeEhPPjX/zXjvWmy59x5o6g==",
            "dev": true,
            "engines": {
                "node": "*"
            }
        },
        "node_modules/asynckit": {
            "version": "0.4.0",
            "resolved": "https://registry.npmjs.org/asynckit/-/asynckit-0.4.0.tgz",
            "integrity": "sha512-Oei9OH4tRh0YqU3GxhX79dM/GywfVja09xC9NyrtimPlzWhA2BDUpejp4Uf4eQ6Lia7N9/oeHy1MYmKxAsxOgw=="
        },
        "node_modules/axios": {
            "version": "1.7.2",
            "resolved": "https://registry.npmjs.org/axios/-/axios-1.7.2.tgz",
            "integrity": "sha512-2Atd2QyRQ4rD+2h9oJpRBk5I4s2pAMwQYRAeT71j1Vt9wyBDrq/hMyA32vVEo2aGWhND+3s09oG/3g6o4u4svA==",
            "dependencies": {
                "follow-redirects": "^1.15.6",
                "form-data": "^4.0.0",
                "proxy-from-env": "^1.1.0"
            }
        },
        "node_modules/busboy": {
            "version": "1.6.0",
            "resolved": "https://registry.npmjs.org/busboy/-/busboy-1.6.0.tgz",
            "integrity": "sha512-8SFQbg/0hQ9xy3UNTB0YEnsNBbWfhf7RtnzpL7TkBiTBRfrQ9Fxcnz7VJsleJpyp6rVLvXiuORqjlHi5q+PYuA==",
            "dependencies": {
                "streamsearch": "^1.1.0"
            },
            "engines": {
                "node": ">=10.16.0"
            }
        },
        "node_modules/chai": {
            "version": "4.3.7",
            "resolved": "https://registry.npmjs.org/chai/-/chai-4.3.7.tgz",
            "integrity": "sha512-s2zXG4T3BE7/0nNO2a6II/NGnN5SFEghT/pYY3tIIU92gnlk5d6/EBPmwcK2zBfNStI/l9a3lGuch8QjNBPD/A==",
            "dev": true,
            "dependencies": {
                "assertion-error": "^1.1.0",
                "check-error": "^1.0.2",
                "deep-eql": "^4.1.3",
                "get-func-name": "^2.0.0",
                "loupe": "^2.3.1",
                "pathval": "^1.1.1",
                "type-detect": "^4.0.8"
            },
            "engines": {
                "node": ">=4"
            }
        },
        "node_modules/check-error": {
            "version": "1.0.2",
            "resolved": "https://registry.npmjs.org/check-error/-/check-error-1.0.2.tgz",
            "integrity": "sha512-LoRec9nQV2k3p9/9i4l20h/gR7Y47jWv2bJczP2d4yv252T58tP6zK22B/IOkL3xYxOrpQxYc/lK3uSo9gIA==",
            "dev": true
        },
        "node_modules/combined-stream": {
            "version": "1.0.8",
            "resolved": "https://registry.npmjs.org/combined-stream/-/combined-stream-1.0.8.tgz",
            "integrity": "sha512-FQN4MRfuJeHf7cA3Wi5msb8Dq+KGzaptvAwUWTSiIO+WpaC6VbbVbU7PsSEnrKWB57IOBbA5ZviYqtMabXrsYg==",
            "dependencies": {
                "delayed-stream": "~1.0.0"
            },
            "engines": {
                "node": ">= 0.8"
            }
        },
        "node_modules/cssom": {
            "version": "0.5.0",
            "resolved": "https://registry.npmjs.org/cssom/-/cssom-0.5.0.tgz",
            "integrity": "sha512-iKuQcq+NdHqlX3bsChL/gIoh3/Q/3UW/F+3f5+0wx/g4g4/P92/s56bM7xtnpHCzrQQnB5GgLMSgE1sXo1kAnA==",
            "engines": {
                "node": ">=10"
            }
        },
        "node_modules/cssstyle": {
            "version": "2.3.0",
            "resolved": "https://registry.npmjs.org/cssstyle/-/cssstyle-2.3.0.tgz",
            "integrity": "sha512-AZgIXN6/I+bxSRdR2SyxM9H/iAEB9JUAmsAy4uRTsYp2wO3O1PNmD9x4fVjY3Qf61zgyy33QkCR6x7e+F48Cg==",
            "dependencies": {
                "cssom": "0.3.x"
            },
            "engines": {
                "node": ">=8"
            }
        },
        "node_modules/cssstyle/node_modules/cssom": {
            "version": "0.3.8",
            "resolved": "https://registry.npmjs.org/cssom/-/cssom-0.3.8.tgz",
            "integrity": "sha512-b0tGHbfegbhQBYpG3sWl7V52s7R1ApePa6s6ma3k1uSpkO/EDwSRf7evGC7iG2Ps5f/u6h1l6soo2zaeK+8gA=="
        },
        "node_modules/data-urls": {
            "version": "4.0.0",
            "resolved": "https://registry.npmjs.org/data-urls/-/data-urls-4.0.0.tgz",
            "integrity": "sha512-ySk3UweL7d2C4L3tM2wYAlXSoo/sK/FIt9/2a3Q3M4+sL+gtP6z/bLpfrIZpweYfR22t/L7sYn9d3n2b2/1eCA==",
            "dependencies": {
                "abab": "^2.0.6",
                "whatwg-mimetype": "^3.0.0",
                "whatwg-url": "^13.0.0"
            },
            "engines": {
                "node": ">=16"
            }
        },
        "node_modules/debug": {
            "version": "4.3.5",
            "resolved": "https://registry.npmjs.org/debug/-/debug-4.3.5.tgz",
            "integrity": "sha512-JDa+MIVPDvL1wix7G4+VVe/kFkIbqf7IY6I7DOfp3l+4002zkmcCFII/3c4yEZLS0A3Qc5FmB2o+3dG605x6gA==",
            "dependencies": {
                "ms": "2.1.2"
            },
            "engines": {
                "node": ">=6.0"
            },
            "peerDependenciesMeta": {
                "supports-color": {
                    "optional": true
                }
            }
        },
        "node_modules/decimal.js": {
            "version": "10.4.3",
            "resolved": "https://registry.npmjs.org/decimal.js/-/decimal.js-10.4.3.tgz",
            "integrity": "sha512-Y2JogtE8aQ/1k/S33n2+aL59/d48ks1O3s+I60gJKY2U99zZv9a4lFv0sYsI9hJ83+6Q1oX4oTfLwA==",
            "engines": {
                "node": "*"
            }
        },
        "node_modules/deep-eql": {
            "version": "4.1.3",
            "resolved": "https://registry.npmjs.org/deep-eql/-/deep-eql-4.1.3.tgz",
            "integrity": "sha512-WaEtAOpRA1xMAeAoDJS1oD6b/0zYSSgpQluJUuhoyPjYmJtF+o/AJO5KP/sRk1vjvy4OKYlBHs2Atjs5dC4vHA==",
            "dev": true,
            "dependencies": {
                "type-detect": "^4.0.0"
            },
            "engines": {
                "node": ">=6"
            }
        },
        "node_modules/delayed-stream": {
            "version": "1.0.0",
            "resolved": "https://registry.npmjs.org/delayed-stream/-/delayed-stream-1.0.0.tgz",
            "integrity": "sha512-ZySD7Nf91aLB0RxL4KGrKHBXl7Gvaza73CiLn/zC1BYL2pyK2TzOA7Theo2kkc7ekHes0dK5NJds+SP2uhC3OA==",
            "engines": {
                "node": ">=0.4.0"
            }
        },
        "node_modules/dompurify": {
            "version": "3.1.5",
            "resolved": "https://registry.npmjs.org/dompurify/-/dompurify-3.1.5.tgz",
            "integrity": "sha512-v922aS6i70997SAhM00QkSh2Qp8aJlyBCmwa5s8d3+MaQ73s30vAhn3r5wBf2W48dGge8j1i23Q4j/772cKOOg=="
        },
        "node_modules/escodegen": {
            "version": "2.1.0",
            "resolved": "https://registry.npmjs.org/escodegen/-/escodegen-2.1.0.tgz",
            "integrity": "sha512-2NerF+L330Y8lPesUlu+M33nI0SAa9iT6aL3cLOzx3o2q7bY4/8PZklgEW9o+S/om12w2cO9iA7zOPo/p651jA==",
            "dev": true,
            "dependencies": {
                "esprima": "^4.0.1",
                "estraverse": "^5.2.0",
                "esutils": "^2.0.2"
            },
            "bin": {
                "escodegen": "bin/escodegen.js",
                "esgenerate": "bin/esgenerate.js"
            },
            "engines": {
                "node": ">=6.0"
            },
            "optionalDependencies": {
                "source-map": "~0.6.1"
            }
        },
        "node_modules/escodegen/node_modules/source-map": {
            "version": "0.6.1",
            "resolved": "https://registry.npmjs.org/source-map/-/source-map-0.6.1.tgz",
            "integrity": "sha512-UjgapumWlbMhkB3qabMVZGTssi+29ApHvLkggBzd7vAg/Rs7ar2Ce4db0Pwe6o0lf1BWaX53YgZdSo7iOh/MA==",
            "dev": true,
            "engines": {
                "node": ">=0.10.0"
            }
        },
        "node_modules/esprima": {
            "version": "4.0.1",
            "resolved": "https://registry.npmjs.org/esprima/-/esprima-4.0.1.tgz",
            "integrity": "sha512-eGuFFw7Upda+g4p+QHvnW0RyTX/SVeJBDM/gCtMARO0cLuT2HcEKnTP5lcjO+6v4j5oTOC70AKatUfsjggoF9Q==",
            "dev": true,
            "bin": {
                "esparse": "bin/esparse.js",
                "esvalidate": "bin/esvalidate.js"
            },
            "engines": {
                "node": ">=4"
            }
        },
        "node_modules/estraverse": {
            "version": "5.3.0",
            "resolved": "https://registry.npmjs.org/estraverse/-/estraverse-5.3.0.tgz",
            "integrity": "sha512-s/c2jSAFC713J/4B4fE4H4/GP74hV9esg7aIsL3C+i82L6V23jR7y+dYjN42f/sOeXscsOxB42h3b1f+SnhgRw==",
            "dev": true,
            "engines": {
                "node": ">=4.0"
            }
        },
        "node_modules/esutils": {
            "version": "2.0.3",
            "resolved": "https://registry.npmjs.org/esutils/-/esutils-2.0.3.tgz",
            "integrity": "sha512-kVscA5k945+i4FqgHQ4FtOLCvIs4BGi2lODfNhwL+6VfGVkrYrwIa5N3ADgEa/xKqA+37s0TM01R0A9POeAgyQ==",
            "dev": true,
            "engines": {
                "node": ">=0.10.0"
            }
        },
        "node_modules/firebase-admin": {
            "version": "13.5.0",
            "resolved": "https://registry.npmjs.org/firebase-admin/-/firebase-admin-13.5.0.tgz",
            "integrity": "sha512-bF1/J5/hA/n+9UfF9/Wl6q3C/3gqD3Iq02z26P3tV9N4e40uGZD015+nB05/kX3e/n4k8/uGSCc9XgQ==",
            "dependencies": {
                "jose": "4.15.5"
            },
            "engines": {
                "node": ">=18"
            }
        },
        "node_modules/firebase-functions": {
            "version": "6.6.0",
            "resolved": "https://registry.npmjs.org/firebase-functions/-/firebase-functions-6.6.0.tgz",
            "integrity": "sha512-f+J7Yw4SgWlFqf8rA4T523Y2q5N2p/B0+dM27vQe9Y7v/3eCsQZ3i15T0wSMLuD43i/LpH+m2rFqV2wQ==",
            "engines": {
                "node": ">=18"
            }
        },
        "node_modules/firebase-functions-test": {
            "version": "3.1.0",
            "resolved": "https://registry.npmjs.org/firebase-functions-test/-/firebase-functions-test-3.1.0.tgz",
            "integrity": "sha512-2M2Q1sHBQPl4uRNlBv0m35Mv2+lA03k/d4g+Wl7f+o/qgY1m6n2x/gDMqSK50iT/p3Y/t7wT2iED0b60ow==",
            "dev": true,
            "dependencies": {
                "@types/node": "^20.10.0",
                "chai": "^4.3.7",
                "mocha": "^10.2.0",
                "sinon": "^15.0.1"
            },
            "engines": {
                "node": ">=18.0.0"
            }
        },
        "node_modules/follow-redirects": {
            "version": "1.15.6",
            "resolved": "https://registry.npmjs.org/follow-redirects/-/follow-redirects-1.15.6.tgz",
            "integrity": "sha512-w9GI2+EogLWs8p/xcqsIIg4L1T5//6+a3hie99zsoIBK3k/s/vJSK29Al0aBoLg3n3m32y16bEu/SmatXm+9mA==",
            "funding": [
                {
                    "type": "individual",
                    "url": "https://github.com/sponsors/RubenVerborgh"
                }
            ],
            "engines": {
                "node": ">=4.0"
            },
            "peerDependenciesMeta": {
                "debug": {
                    "optional": true
                }
            }
        },
        "node_modules/form-data": {
            "version": "4.0.0",
            "resolved": "https://registry.npmjs.org/form-data/-/form-data-4.0.0.tgz",
            "integrity": "sha512-ETEbY+lnS2coBCnEweUK9EHC+oGTRTCb1V4fPIddZQBYae2h5rAfeOT32FBz8HzdSPGz0newGKgyuv+A9BvFbA==",
            "dependencies": {
                "asynckit": "^0.4.0",
                "combined-stream": "^1.0.8",
                "mime-types": "^2.1.12"
            },
            "engines": {
                "node": ">= 6"
            }
        },
        "node_modules/get-func-name": {
            "version": "2.0.0",
            "resolved": "https://registry.npmjs.org/get-func-name/-/get-func-name-2.0.0.tgz",
            "integrity": "sha512-uaOqK32knw3iVj7jQJ6pIln+I5E/O0aYj8J3wN2o+3Ss9oLQ9o02m09/KgxOfs3C6Evz+i6z0b064I/V/Ypbg==",
            "dev": true,
            "engines": {
                "node": "*"
            }
        },
        "node_modules/html-encoding-sniffer": {
            "version": "3.0.0",
            "resolved": "https://registry.npmjs.org/html-encoding-sniffer/-/html-encoding-sniffer-3.0.0.tgz",
            "integrity": "sha512-oHkX3AlBCcrkS06bTqSwt7Ceu9X9PU9p8nK/dFkMLF1b22p2D3aO0s1p17MnCfrsYvP4pU/XXzWc2nm7Tf8rA==",
            "dependencies": {
                "whatwg-encoding": "^2.0.0"
            },
            "engines": {
                "node": ">=12"
            }
        },
        "node_modules/http-proxy-agent": {
            "version": "7.0.2",
            "resolved": "https://registry.npmjs.org/http-proxy-agent/-/http-proxy-agent-7.0.2.tgz",
            "integrity": "sha512-Ym1A8bSZeSE8O/dZnd34lPO64Xz6sO5HDeW8f6nHYd0T5iHy5kSBXhQ+vYjKPlr2v/wYbdX57YVTJm+Lg7aRoQ==",
            "dependencies": {
                "agent-base": "7.1.1",
                "debug": "4"
            },
            "engines": {
                "node": ">= 14"
            }
        },
        "node_modules/https-proxy-agent": {
            "version": "7.0.4",
            "resolved": "https://registry.npmjs.org/https-proxy-agent/-/https-proxy-agent-7.0.4.tgz",
            "integrity": "sha512-r2bJk3v2mGvBco5z/MwT5oHl/t2it0/tYfQ4n0dNK3gLh/j2cBuVdC/i+e1jiK8pD5aOdnx/f4JLTmXgUoAuw==",
            "dependencies": {
                "agent-base": "7.1.1",
                "debug": "4"
            },
            "engines": {
                "node": ">= 14"
            }
        },
        "node_modules/is-potential-custom-element-name": {
            "version": "1.0.1",
            "resolved": "https://registry.npmjs.org/is-potential-custom-element-name/-/is-potential-custom-element-name-1.0.1.tgz",
            "integrity": "sha512-3XjI40vIuCvROd2N/BYL7Ew/9kI+PhtzQ62t9fs8t64g/mLLW2/zY34/sNBq6aN9OWhZ3f/1bC17T3d3dZIwQ=="
        },
        "node_modules/jose": {
            "version": "4.15.5",
            "resolved": "https://registry.npmjs.org/jose/-/jose-4.15.5.tgz",
            "integrity": "sha512-v9mXh1Bnc1nN7FadS4I85U30/ko5sStmS1tPZYs8VvHwXzP1aI6eSU9CB9fLdGg94zXADjNof1aFnX+aF23Vug==",
            "funding": {
                "url": "https://github.com/sponsors/panva"
            }
        },
        "node_modules/jsdom": {
            "version": "24.1.0",
            "resolved": "https://registry.npmjs.org/jsdom/-/jsdom-24.1.0.tgz",
            "integrity": "sha512-s/o4N3p2Tj2Wk31tWKSqs51dNIj4u38p0X/b0d7s7IsD/O8hX8prt8q6o4wGnA10j3txu5xDiE2d/p1u8wX/nA==",
            "dependencies": {
                "abab": "^2.0.6",
                "acorn": "^8.11.3",
                "acorn-globals": "^7.0.0",
                "busboy": "^1.6.0",
                "cssstyle": "^2.3.0",
                "data-urls": "^4.0.0",
                "decimal.js": "^10.4.3",
                "form-data": "^4.0.0",
                "html-encoding-sniffer": "^3.0.0",
                "http-proxy-agent": "^7.0.2",
                "https-proxy-agent": "^7.0.4",
                "is-potential-custom-element-name": "^1.0.1",
                "nwsapi": "^2.2.6",
                "parse5": "^7.1.2",
                "saxes": "^6.0.0",
                "socks-proxy-agent": "^8.0.3",
                "symbol-tree": "^3.2.4",
                "w3c-hr-time": "^1.0.2",
                "w3c-xmlserializer": "^4.0.0",
                "whatwg-encoding": "^2.0.0",
                "whatwg-mimetype": "^3.0.0",
                "whatwg-url": "^13.0.0",
                "ws": "^8.17.0",
                "xml-name-validator": "^4.0.0"
            },
            "engines": {
                "node": ">=18"
            }
        },
        "node_modules/loupe": {
            "version": "2.3.1",
            "resolved": "https://registry.npmjs.org/loupe/-/loupe-2.3.1.tgz",
            "integrity": "sha512-U650gd6L7u23G3LraCj5+aSEf45CEJrsn+w7q6QxXqqtHcX8yF2v6I2bKcuu9E8xPSt3ex4bS6AE5/8wfvDgtg==",
            "dev": true,
            "dependencies": {
                "get-func-name": "^2.0.0"
            }
        },
        "node_modules/mercadopago": {
            "version": "2.0.11",
            "resolved": "https://registry.npmjs.org/mercadopago/-/mercadopago-2.0.11.tgz",
            "integrity": "sha512-H97h+y41T5o+k/q/4wP3t2w8A/4H/m4p65q3+o9H1wB12jwe5pLgNHsU/8s1f2/o2W2h1b0I2jL+qA==",
            "dependencies": {
                "axios": "^1.7.2"
            }
        },
        "node_modules/mime-db": {
            "version": "1.52.0",
            "resolved": "https://registry.npmjs.org/mime-db/-/mime-db-1.52.0.tgz",
            "integrity": "sha512-sPU4uV7dYlvtWd4iVdeWADwYF+sllIviX5dk1zcpkde9GgcXt2zfbIg87BaH2oFC/pH80fTCeoKhygyEXKzifA==",
            "engines": {
                "node": ">= 0.6"
            }
        },
        "node_modules/mime-types": {
            "version": "2.1.35",
            "resolved": "https://registry.npmjs.org/mime-types/-/mime-types-2.1.35.tgz",
            "integrity": "sha512-ZDY+bPm5zTTF+YpCrAU9nK0UgICYPT0QtT1NZWFv4s++TNkTTDbk/Nms סטייל="צבע: שחור" id="L583" class="line"tdb9uBCWfMkw5OKaMi4i2DEiS7Wk31cfiC/W77rn5z5TTAb3Lw5ZNaftffPckda9mage2e8emhSckneQCPUaA==",
            "dependencies": {
                "mime-db": "1.52.0"
            },
            "engines": {
                "node": ">= 0.6"
            }
        },
        "node_modules/mocha": {
            "version": "10.2.0",
            "resolved": "https://registry.npmjs.org/mocha/-/mocha-10.2.0.tgz",
            "integrity": "sha512-t/3iYdFFb951m2j3o2i/HT1wS98PAn2S2tsoI8Kv2fQ64m62dD0YjGj2Q29Hh/D0/nmL2SOUJOrsT76h0/PNg==",
            "dev": true,
            "hasInstallScript": true,
            "engines": {
                "node": ">=14.0.0"
            }
        },
        "node_modules/ms": {
            "version": "2.1.2",
            "resolved": "https://registry.npmjs.org/ms/-/ms-2.1.2.tgz",
            "integrity": "sha512-sGkPx+VjMtmA6MX27oA4FBFELFCZZ4S4XqeGOXCv68tT+jb3vk/RyaKWP0PTKyWtmLSM0b+adUTEvbs1PEAxBg=="
        },
        "node_modules/nan": {
            "version": "2.20.0",
            "resolved": "https://registry.npmjs.org/nan/-/nan-2.20.0.tgz",
            "integrity": "sha512-NlGervsuh2+T2WGDLHeB2g/aXjS/I/6X/VklzT1dMA+4vCFpr+iX3g2nA64C1R/PaXP/gB6n3/4c2YxndkRtXQ==",
            "optional": true
        },
        "node_modules/nodemailer": {
            "version": "6.9.14",
            "resolved": "https://registry.npmjs.org/nodemailer/-/nodemailer-6.9.14.tgz",
            "integrity": "sha512-3KDoBAd0iozfftrRtDxDNaRoloVj1nxp3S1NpT6bHklViabart2Y02fBGAZfr24hAFJbPUk2/s2T1Tns2mGMeQ==",
            "engines": {
                "node": ">=6.0.0"
            }
        },
        "node_modules/nwsapi": {
            "version": "2.2.6",
            "resolved": "https://registry.npmjs.org/nwsapi/-/nwsapi-2.2.6.tgz",
            "integrity": "sha512-QAUyX65s/35Kg8IuUjSzY2p6Yy2z35t7Xj/6w21Ff9cWo69T33c30zQ3vjtht1/X59/GvNV2AnB5u5EUA=="
        },
        "node_modules/parse5": {
            "version": "7.1.2",
            "resolved": "https://registry.npmjs.org/parse5/-/parse5-7.1.2.tgz",
            "integrity": "sha512-Czj1qhE20TIIpT5t5+1yMyM31sPAnpA/sLh3s292/m3KkAD7d77w/4nFMOVzQo16tReqf6T0PIhIUD54r2i/Lg==",
            "dependencies": {
                "entities": "^4.5.0"
            }
        },
        "node_modules/parse5-htmlparser2-tree-adapter": {
            "version": "7.0.0",
            "resolved": "https://registry.npmjs.org/parse5-htmlparser2-tree-adapter/-/parse5-htmlparser2-tree-adapter-7.0.0.tgz",
            "integrity": "sha512-rqgNSJmy2C2TnhR4C7IeKk3wn882i/iI/88tcl1T7W3m13o3a6XknsJze9vzlzN+NsmXbI4m3dpU6I4a1fM5A==",
            "dev": true,
            "peer": true,
            "dependencies": {
                "parse5": "^7.0.0"
            }
        },
        "node_modules/pathval": {
            "version": "1.1.1",
            "resolved": "https://registry.npmjs.org/pathval/-/pathval-1.1.1.tgz",
            "integrity": "sha512-Dp6Nl21C/gU8a/i4S1/iE/GOde/k7Kwd/9gR2f2c83yBnvzCN53+VgaB2fR/5xwb/3s2w33s9vIqCrwDq42wgw==",
            "dev": true
        },
        "node_modules/proxy-from-env": {
            "version": "1.1.0",
            "resolved": "https://registry.npmjs.org/proxy-from-env/-/proxy-from-env-1.1.0.tgz",
            "integrity": "sha512-D+HcdCpreC1loynGmsAOFrt4MabTJAe5IGK3HOcBdc9GDiwqQLM10G1gEYpOMigG3qWwWdi94pIgx51GpXLA2A=="
        },
        "node_modules/proxyquire": {
            "version": "2.1.3",
            "resolved": "https://registry.npmjs.org/proxyquire/-/proxyquire-2.1.3.tgz",
            "integrity": "sha512-B6leIeD/T2pXAMo3S/sBrW7w/3VzALq2kG2ZlAb2L3o1uL5JCGThP/pcrh4yIe5e2M9q/2/uH+j1N+gY10u/Sw==",
            "dev": true,
            "dependencies": {
                "debug": "^4.1.1",
                "escodegen": "^2.0.0",
                "esprima": "^4.0.1",
                "estraverse": "^5.1.0",
                "resolve": "^1.11.0"
            },
            "engines": {
                "node": ">=6"
            }
        },
        "node_modules/resolve": {
            "version": "1.22.8",
            "resolved": "https://registry.npmjs.org/resolve/-/resolve-1.22.8.tgz",
            "integrity": "sha512-oKWeNYTSm7oK7fii2AeHV6fSoCa7dC/XnsyN1G/mfoD7Ay5IF0HoZ2m/i/iDiDzzpEQCHK6k9TTh5el/u7adAw==",
            "dev": true,
            "dependencies": {
                "is-core-module": "^2.11.0",
                "path-parse": "^1.0.7",
                "supports-preserve-symlinks-flag": "^1.0.0"
            },
            "bin": {
                "resolve": "bin/resolve"
            },
            "funding": {
                "url": "https://github.com/sponsors/ljharb"
            }
        },
        "node_modules/saxes": {
            "version": "6.0.0",
            "resolved": "https://registry.npmjs.org/saxes/-/saxes-6.0.0.tgz",
            "integrity": "sha512-TThL9P1N2/I33KOd23y28a3fGYk/4lpc3y9v23946gBFXwgtcwD10l3e0eXwo124cStY51bC3l0x3X/u2I3L1g==",
            "dependencies": {
                "xml-name-validator": "^4.0.0"
            },
            "engines": {
                "node": ">=12.0.0"
            }
        },
        "node_modules/sinon": {
            "version": "15.0.1",
            "resolved": "https://registry.npmjs.org/sinon/-/sinon-15.0.1.tgz",
            "integrity": "sha512-Xm81YceorY++N0x7KzUuM4vjABSTlYm8YxG6m25v6e+i/kTC+V+tAmG5iQv5K8JzXv52/jXo2W8E6J+536mFw==",
            "dev": true,
            "dependencies": {
                "@sinonjs/commons": "^3.0.0",
                "@sinonjs/fake-timers": "^10.0.1",
                "nise": "^5.1.0",
                "samsam": "^6.0.2"
            }
        },
        "node_modules/smart-buffer": {
            "version": "4.2.0",
            "resolved": "https://registry.npmjs.org/smart-buffer/-/smart-buffer-4.2.0.tgz",
            "integrity": "sha512-94hBQBmsbTfq2v4fE4XPj6ZCEW6h+fY1EGO8T2Xn330s1g0895qDXoA6i40ERi0p9fi/3ZZDFCABJQc2g3v+xQ==",
            "engines": {
                "node": ">= 6.0.0"
            }
        },
        "node_modules/socks": {
            "version": "2.8.3",
            "resolved": "https://registry.npmjs.org/socks/-/socks-2.8.3.tgz",
            "integrity": "sha512-ybZuV2G2aAJ4Jc2j6sK7kE8JYnJbE++TPEY2Tf2caT1IeP/jTQXp2i74pgVbluExq48g/H9fAAlZ8b1ETe+BGw==",
            "dependencies": {
                "ip": "2.0.1",
                "smart-buffer": "4.2.0"
            },
            "engines": {
                "node": ">= 12.13.0",
                "npm": ">= 6.12.0"
            }
        },
        "node_modules/socks-proxy-agent": {
            "version": "8.0.3",
            "resolved": "https://registry.npmjs.org/socks-proxy-agent/-/socks-proxy-agent-8.0.3.tgz",
            "integrity": "sha512-F/WkK/b1hfe/k/DkFwfuTR+J/e/hASmaWJ/gA/3b7zP74rJj/Z6sL+TM6fRL/2LzV6/u6u+iK8+8p7F39jI/VQ==",
            "dependencies": {
                "agent-base": "7.1.1",
                "debug": "4",
                "socks": "2.8.3"
            },
            "engines": {
                "node": ">= 14"
            }
        },
        "node_modules/streamsearch": {
            "version": "1.1.0",
            "resolved": "https://registry.npmjs.org/streamsearch/-/streamsearch-1.1.0.tgz",
            "integrity": "sha512-Mcc5wHehp9aXz1ax6bZUyY5afg9u2rv5cqQI3mRrYkGC8rW2hM02jWuwjtL++LS5qinSyhj2Q3LoPPmGdsbR1A==",
            "engines": {
                "node": ">=10.0.0"
            }
        },
        "node_modules/symbol-tree": {
            "version": "3.2.4",
            "resolved": "https://registry.npmjs.org/symbol-tree/-/symbol-tree-3.2.4.tgz",
            "integrity": "sha512-9QNk51cykhLz+rIqpLnVY8t2Tm3+B/1Qe5z3eSd62+nAfyY51N1Gez4I2/w/O2dghg2w2xG/1imS2Y/y/1QYvg=="
        },
        "node_modules/type-detect": {
            "version": "4.0.8",
            "resolved": "https://registry.npmjs.org/type-detect/-/type-detect-4.0.8.tgz",
            "integrity": "sha512-0fr/mIH1dlO+x7TlcMy+bIDqKPsw/70tVyeHW787goQjhmqaZe10uwLujubK9q9LgA959NRfWqb3MWoK74/E8w==",
            "dev": true,
            "engines": {
                "node": ">=4"
            }
        },
        "node_modules/undici-types": {
            "version": "5.26.5",
            "resolved": "https://registry.npmjs.org/undici-types/-/undici-types-5.26.5.tgz",
            "integrity": "sha512-JlCMO+ehdEIKqlFxk6IfVoAUVmgz7cU7zD/h9XZ0qzeosSHmUJVOzSQvvYSYWXkFXC+IfLKSIffhv0sVZup6pA==",
            "dev": true
        },
        "node_modules/w3c-hr-time": {
            "version": "1.0.2",
            "resolved": "https://registry.npmjs.org/w3c-hr-time/-/w3c-hr-time-1.0.2.tgz",
            "integrity": "sha512-3XxyiJs5+wElQdC1o93T0N/0IeJc5fTCyJ2E/Fiyn9A/3OTG/Qx+3X/pActi0a5X6kPTzrAkB1JoQVbllwT2aw==",
            "dependencies": {
                "browser-process-hrtime": "^1.0.0"
            }
        },
        "node_modules/w3c-xmlserializer": {
            "version": "4.0.0",
            "resolved": "https://registry.npmjs.org/w3c-xmlserializer/-/w3c-xmlserializer-4.0.0.tgz",
            "integrity": "sha512-o6F7hRv3SUr785/I+K58v63c/iW5ASQvPMyb2Llnl4g3Y22fIKd2d2L/++5fWz33ZZ4oYx3p2h4hY1U2yNL/DQ==",
            "dependencies": {
                "xml-name-validator": "^4.0.0"
            },
            "engines": {
                "node": ">=12"
            }
        },
        "node_modules/whatwg-encoding": {
            "version": "2.0.0",
            "resolved": "https://registry.npmjs.org/whatwg-encoding/-/whatwg-encoding-2.0.0.tgz",
            "integrity": "sha512-S1ytENONTJS22x74NItFplp1jOCplBQD7PGJAyEFGDfT2j30wrO2K3n2hbNno3ac2xP7NFFlM49H1z6f3b392A==",
            "dependencies": {
                "iconv-lite": "0.6.3"
            },
            "engines": {
                "node": ">=12"
            }
        },
        "node_modules/whatwg-mimetype": {
            "version": "3.0.0",
            "resolved": "https://registry.npmjs.org/whatwg-mimetype/-/whatwg-mimetype-3.0.0.tgz",
            "integrity": "sha512-M4yMwr6mAnQz76TbJm914+gHAnT4eSsxF/c0pmFNd0TwkF8IlhfOLhPDOZzIIeUe9gEcYPCr/3fFH02dG3frYQ==",
            "engines": {
                "node": ">=12"
            }
        },
        "node_modules/whatwg-url": {
            "version": "13.0.0",
            "resolved": "https://registry.npmjs.org/whatwg-url/-/whatwg-url-13.0.0.tgz",
            "integrity": "sha512-iAZnBaaL2GGAaB/30v5A4uAA+j/pY7D5g1x/P/l5/2epVEb/u4R03tCVDG+3Fssy3nF7tEif+b2iS3T3T3h4A==",
            "dependencies": {
                "tr46": "^4.1.1",
                "webidl-conversions": "^7.0.0"
            },
            "engines": {
                "node": ">=16"
            }
        },
        "node_modules/ws": {
            "version": "8.18.0",
            "resolved": "https://registry.npmjs.org/ws/-/ws-8.18.0.tgz",
            "integrity": "sha512-8VbfWf+9y674XjCN1b/BcXU1fTf29F1Y83qZ4eTw774J21L7n2aO2MBw/u2bgvGmA+a79CBo2cfT3P/Sk/W5Q==",
            "engines": {
                "node": ">=10.0.0"
            },
            "peerDependencies": {
                "bufferutil": "^4.0.1",
                "utf-8-validate": ">=5.0.2"
            },
            "peerDependenciesMeta": {
                "bufferutil": {
                    "optional": true
                },
                "utf-8-validate": {
                    "optional": true
                }
            }
        },
        "node_modules/xml-name-validator": {
            "version": "4.0.0",
            "resolved": "https://registry.npmjs.org/xml-name-validator/-/xml-name-validator-4.0.0.tgz",
            "integrity": "sha512-0/ir+m/4z6W6b3mfxh1AYt22lB15sYy7I/2lFHBiAV3o/n71y2bFkXq2NotnUvO/c9xQY3I3l3nB82Q4kX5rg==",
            "engines": {
                "node": ">=10"
            }
        }
    }
}
