Criei este arquivo de travamento de dependências. Ele é essencial para garantir builds reprodutíveis e confiáveis no ambiente de CI/CD, resolvendo o erro atual no pipeline. Sua presença garante que as versões exatas das dependências instaladas no ambiente de produção sejam as mesmas do ambiente de desenvolvimento, um pilar da engenharia de confiabilidade (SRE).

