{
  "name": "sua-viagem-aqui",
  "version": "1.0.0",
  "lockfileVersion": 3,
  "requires": true,
  "packages": {
    "": {
      "name": "sua-viagem-aqui",
      "version": "1.0.0",
      "private": true,
      "devDependencies": {
        "vite": "^5.3.4"
      }
    },
    "node_modules/vite": {
      "version": "5.3.4",
      "resolved": "https://registry.npmjs.org/vite/-/vite-5.3.4.tgz",
      "integrity": "sha512-uG3k5/3i5187MVEVv9b2Vd9DG+d5GgDAhFWXwL2i87tBktlM3G64yLP73IIdP+m2tCj618zB98w1VjY8Ff23WQ==",
      "dev": true,
      "bin": {
        "vite": "bin/vite.js"
      },
      "engines": {
        "node": "^18.0.0 || >=20.0.0"
      },
      "funding": {
        "url": "https://github.com/sponsors/yyx990803"
      },
      "optionalDependencies": {
        "fsevents": "~2.3.3"
      }
    }
  }
}
