{
  "name": "sua-viagem-aqui",
  "version": "1.0.0",
  "lockfileVersion": 3,
  "requires": true,
  "packages": {
    "": {
      "name": "sua-viagem-aqui",
      "version": "1.0.0",
      "private": true,
      "devDependencies": {
        "glob": "^11.0.3",
        "vite": "^5.3.4"
      }
    },
    "node_modules/balanced-match": {
      "version": "1.0.2",
      "resolved": "https://registry.npmjs.org/balanced-match/-/balanced-match-1.0.2.tgz",
      "integrity": "sha512-3oSeUO0TMV67hN1AmbXsK4yaqU7tiiYEA71P4vAIusJssAi8vtqdCmtOxFhkBIkmjygg6vo1uiu6CvL5xajewQ==",
      "dev": true
    },
    "node_modules/brace-expansion": {
      "version": "2.0.1",
      "resolved": "https://registry.npmjs.org/brace-expansion/-/brace-expansion-2.0.1.tgz",
      "integrity": "sha512-XnAIvQ8eM+kC6aULx6wuQiwVsnzsi9d3WxzV3FpWTGA19F621kwdbsAcFKXgG+w2w9rI+stz7s3Id3n/ajYxpQ==",
      "dev": true,
      "dependencies": {
        "balanced-match": "^1.0.0"
      }
    },
    "node_modules/fs.realpath": {
      "version": "1.0.0",
      "resolved": "https://registry.npmjs.org/fs.realpath/-/fs.realpath-1.0.0.tgz",
      "integrity": "sha512-OO0+62onx5V6lZPs3iEaGfB/GkGdk86N2qA0d2QyL/mYg2fA3275I1cB8s2bZ0x9kE2m7ctzaS1sChmQ==",
      "dev": true
    },
    "node_modules/glob": {
      "version": "11.0.3",
      "resolved": "https://registry.npmjs.org/glob/-/glob-11.0.3.tgz",
      "integrity": "sha512-q3e6DD1fAPnIkyGv6/2u7sAUNTRsTcb1k7rTrdG6fD3DBaB2h5k++d3hfNfKzaP44n2y2nrc14w4saLz0SOULA==",
      "dev": true,
      "dependencies": {
        "fs.realpath": "^1.0.0",
        "lru-cache": "^10.2.0",
        "minimatch": "^9.0.4",
        "minipass": "^7.0.4",
        "path-scurry": "^1.10.0"
      },
      "engines": {
        "node": ">=16 || 14 >=14.17"
      },
      "funding": {
        "url": "https://github.com/sponsors/isaacs"
      }
    },
    "node_modules/lru-cache": {
      "version": "10.3.1",
      "resolved": "https://registry.npmjs.org/lru-cache/-/lru-cache-10.3.1.tgz",
      "integrity": "sha512-yBgaLpxG5K2bM7e2x2015tcq2IcdK1nsvTfHMY2Pwxp8pCHsAoZOMf4VOM3gD0d+1K3Oa3dHi9B9O3vF2iYfOA==",
      "dev": true,
      "engines": {
        "node": "14 || >=16.14"
      }
    },
    "node_modules/minimatch": {
      "version": "9.0.5",
      "resolved": "https://registry.npmjs.org/minimatch/-/minimatch-9.0.5.tgz",
      "integrity": "sha512-m3zPQQ2g2KMlYtH4ZTExiSpgIO92W+a2c7uSJ2k2d3/5iQz/F4xZlq3S/15q/Q93uU9/jMux4zY4N3N2gq3qg==",
      "dev": true,
      "dependencies": {
        "brace-expansion": "^2.0.1"
      },
      "engines": {
        "node": ">=16 || 14 >=14.17"
      },
      "funding": {
        "url": "https://github.com/sponsors/isaacs"
      }
    },
    "node_modules/minipass": {
      "version": "7.1.2",
      "resolved": "https://registry.npmjs.org/minipass/-/minipass-7.1.2.tgz",
      "integrity": "sha512-Ym6fBRn0JwfG0Ff/YbiL/aWwMMw4p0yO2yA6pDfsPY2/e+QevjKbxm7DKS9A3B5o3Z5+q9DmMtC/+i58zRJcAg==",
      "dev": true,
      "engines": {
        "node": ">=16 || 14 >=14.17"
      }
    },
    "node_modules/path-scurry": {
      "version": "1.11.1",
      "resolved": "https://registry.npmjs.org/path-scurry/-/path-scurry-1.11.1.tgz",
      "integrity": "sha512-n2u92AI/3JW5rW3f2c5/r8j98XpA0b9B5i2SE2Z6+/p67//z/a9y5L3jL9F5WvCIv61i7891pP/dY+c5Mh+pQ==",
      "dev": true,
      "dependencies": {
        "lru-cache": "^10.2.2",
        "minipass": "^7.0.3"
      },
      "engines": {
        "node": ">=16 || 14 >=14.17"
      },
      "funding": {
        "url": "https://github.com/sponsors/isaacs"
      }
    },
    "node_modules/path-scurry/node_modules/lru-cache": {
      "version": "10.2.2",
      "resolved": "https://registry.npmjs.org/lru-cache/-/lru-cache-10.2.2.tgz",
      "integrity": "sha512-bC2BiJsE/NotfPoLhGv2A032/3a+9E+i0wI/3rD8HVsS2b1uP+N4A9jG2hAdpA0e73aJz025w3d2s34S/Q==",
      "dev": true,
      "engines": {
        "node": "14 || >=16.14"
      }
    },
    "node_modules/vite": {
      "version": "5.3.4",
      "resolved": "https://registry.npmjs.org/vite/-/vite-5.3.4.tgz",
      "integrity": "sha512-uG3k5/3i5187MVEVv9b2Vd9DG+d5GgDAhFWXwL2i87tBktlM3G64yLP73IIdP+m2tCj618zB98w1VjY8Ff23WQ==",
      "dev": true,
      "bin": {
        "vite": "bin/vite.js"
      },
      "engines": {
        "node": "^18.0.0 || >=20.0.0"
      },
      "funding": {
        "url": "https://github.com/sponsors/yyx990803"
      },
      "optionalDependencies": {
        "fsevents": "~2.3.3"
      }
    }
  }
}